
Microsoft Visual Studio Solution File, Format Version 12.00
# Visual Studio Version 16
VisualStudioVersion = 16.0.29418.71
MinimumVisualStudioVersion = 10.0.40219.1
Project("{FAE04EC0-301F-11D3-BF4B-00C04F79EFBC}") = "practice", "practice\practice.csproj", "{3D406453-8DF5-4324-B0F2-0118147AC7C7}"
EndProject
Global
	GlobalSection(SolutionConfigurationPlatforms) = preSolution
		Debug|Any CPU = Debug|Any CPU
		Release|Any CPU = Release|Any CPU
	EndGlobalSection
	GlobalSection(ProjectConfigurationPlatforms) = postSolution
		{3D406453-8DF5-4324-B0F2-0118147AC7C7}.Debug|Any CPU.ActiveCfg = Debug|Any CPU
		{3D406453-8DF5-4324-B0F2-0118147AC7C7}.Debug|Any CPU.Build.0 = Debug|Any CPU
		{3D406453-8DF5-4324-B0F2-0118147AC7C7}.Release|Any CPU.ActiveCfg = Release|Any CPU
		{3D406453-8DF5-4324-B0F2-0118147AC7C7}.Release|Any CPU.Build.0 = Release|Any CPU
	EndGlobalSection
	GlobalSection(SolutionProperties) = preSolution
		HideSolutionNode = FALSE
	EndGlobalSection
	GlobalSection(ExtensibilityGlobals) = postSolution
		SolutionGuid = {42F99C6D-2452-400A-986F-94A141F08B44}
	EndGlobalSection
EndGlobal
